
Microsoft Visual Studio Solution File, Format Version 12.00
# Visual Studio 15
VisualStudioVersion = 15.0.27703.2042
MinimumVisualStudioVersion = 10.0.40219.1
Project("{FAE04EC0-301F-11D3-BF4B-00C04F79EFBC}") = "SerapisDoctor.Android", "SerapisDoctor\SerapisDoctor.Android\SerapisDoctor.Android.csproj", "{E3077F34-E823-4386-884E-E6744E0F970D}"
EndProject
Project("{FAE04EC0-301F-11D3-BF4B-00C04F79EFBC}") = "SerapisDoctor.iOS", "SerapisDoctor\SerapisDoctor.iOS\SerapisDoctor.iOS.csproj", "{F660AD2A-DB79-4F84-8F8D-2102E2EA59F9}"
EndProject
Project("{FAE04EC0-301F-11D3-BF4B-00C04F79EFBC}") = "SerapisDoctor.UWP", "SerapisDoctor\SerapisDoctor.UWP\SerapisDoctor.UWP.csproj", "{CFCF809B-FE2F-4BA2-BDDA-F818C8FE4C14}"
EndProject
Project("{FAE04EC0-301F-11D3-BF4B-00C04F79EFBC}") = "SerapisDoctor", "SerapisDoctor\SerapisDoctor\SerapisDoctor.csproj", "{2C3224B3-296F-4161-87E6-5E2B1B19672D}"
EndProject
Project("{2150E333-8FDC-42A3-9474-1A3956D46DE8}") = "TargetProjects", "TargetProjects", "{8F345A44-5BC6-45FE-97FC-C6EDD44FFAE5}"
EndProject
Global
	GlobalSection(SolutionConfigurationPlatforms) = preSolution
		Ad-Hoc|Any CPU = Ad-Hoc|Any CPU
		Ad-Hoc|ARM = Ad-Hoc|ARM
		Ad-Hoc|iPhone = Ad-Hoc|iPhone
		Ad-Hoc|iPhoneSimulator = Ad-Hoc|iPhoneSimulator
		Ad-Hoc|x64 = Ad-Hoc|x64
		Ad-Hoc|x86 = Ad-Hoc|x86
		AppStore|Any CPU = AppStore|Any CPU
		AppStore|ARM = AppStore|ARM
		AppStore|iPhone = AppStore|iPhone
		AppStore|iPhoneSimulator = AppStore|iPhoneSimulator
		AppStore|x64 = AppStore|x64
		AppStore|x86 = AppStore|x86
		Debug|Any CPU = Debug|Any CPU
		Debug|ARM = Debug|ARM
		Debug|iPhone = Debug|iPhone
		Debug|iPhoneSimulator = Debug|iPhoneSimulator
		Debug|x64 = Debug|x64
		Debug|x86 = Debug|x86
		Release|Any CPU = Release|Any CPU
		Release|ARM = Release|ARM
		Release|iPhone = Release|iPhone
		Release|iPhoneSimulator = Release|iPhoneSimulator
		Release|x64 = Release|x64
		Release|x86 = Release|x86
	EndGlobalSection
	GlobalSection(ProjectConfigurationPlatforms) = postSolution
		{E3077F34-E823-4386-884E-E6744E0F970D}.Ad-Hoc|Any CPU.ActiveCfg = Release|Any CPU
		{E3077F34-E823-4386-884E-E6744E0F970D}.Ad-Hoc|Any CPU.Build.0 = Release|Any CPU
		{E3077F34-E823-4386-884E-E6744E0F970D}.Ad-Hoc|Any CPU.Deploy.0 = Release|Any CPU
		{E3077F34-E823-4386-884E-E6744E0F970D}.Ad-Hoc|ARM.ActiveCfg = Release|Any CPU
		{E3077F34-E823-4386-884E-E6744E0F970D}.Ad-Hoc|ARM.Build.0 = Release|Any CPU
		{E3077F34-E823-4386-884E-E6744E0F970D}.Ad-Hoc|ARM.Deploy.0 = Release|Any CPU
		{E3077F34-E823-4386-884E-E6744E0F970D}.Ad-Hoc|iPhone.ActiveCfg = Release|Any CPU
		{E3077F34-E823-4386-884E-E6744E0F970D}.Ad-Hoc|iPhone.Build.0 = Release|Any CPU
		{E3077F34-E823-4386-884E-E6744E0F970D}.Ad-Hoc|iPhone.Deploy.0 = Release|Any CPU
		{E3077F34-E823-4386-884E-E6744E0F970D}.Ad-Hoc|iPhoneSimulator.ActiveCfg = Release|Any CPU
		{E3077F34-E823-4386-884E-E6744E0F970D}.Ad-Hoc|iPhoneSimulator.Build.0 = Release|Any CPU
		{E3077F34-E823-4386-884E-E6744E0F970D}.Ad-Hoc|iPhoneSimulator.Deploy.0 = Release|Any CPU
		{E3077F34-E823-4386-884E-E6744E0F970D}.Ad-Hoc|x64.ActiveCfg = Release|Any CPU
		{E3077F34-E823-4386-884E-E6744E0F970D}.Ad-Hoc|x64.Build.0 = Release|Any CPU
		{E3077F34-E823-4386-884E-E6744E0F970D}.Ad-Hoc|x64.Deploy.0 = Release|Any CPU
		{E3077F34-E823-4386-884E-E6744E0F970D}.Ad-Hoc|x86.ActiveCfg = Release|Any CPU
		{E3077F34-E823-4386-884E-E6744E0F970D}.Ad-Hoc|x86.Build.0 = Release|Any CPU
		{E3077F34-E823-4386-884E-E6744E0F970D}.Ad-Hoc|x86.Deploy.0 = Release|Any CPU
		{E3077F34-E823-4386-884E-E6744E0F970D}.AppStore|Any CPU.ActiveCfg = Release|Any CPU
		{E3077F34-E823-4386-884E-E6744E0F970D}.AppStore|Any CPU.Build.0 = Release|Any CPU
		{E3077F34-E823-4386-884E-E6744E0F970D}.AppStore|Any CPU.Deploy.0 = Release|Any CPU
		{E3077F34-E823-4386-884E-E6744E0F970D}.AppStore|ARM.ActiveCfg = Release|Any CPU
		{E3077F34-E823-4386-884E-E6744E0F970D}.AppStore|ARM.Build.0 = Release|Any CPU
		{E3077F34-E823-4386-884E-E6744E0F970D}.AppStore|ARM.Deploy.0 = Release|Any CPU
		{E3077F34-E823-4386-884E-E6744E0F970D}.AppStore|iPhone.ActiveCfg = Release|Any CPU
		{E3077F34-E823-4386-884E-E6744E0F970D}.AppStore|iPhone.Build.0 = Release|Any CPU
		{E3077F34-E823-4386-884E-E6744E0F970D}.AppStore|iPhone.Deploy.0 = Release|Any CPU
		{E3077F34-E823-4386-884E-E6744E0F970D}.AppStore|iPhoneSimulator.ActiveCfg = Release|Any CPU
		{E3077F34-E823-4386-884E-E6744E0F970D}.AppStore|iPhoneSimulator.Build.0 = Release|Any CPU
		{E3077F34-E823-4386-884E-E6744E0F970D}.AppStore|iPhoneSimulator.Deploy.0 = Release|Any CPU
		{E3077F34-E823-4386-884E-E6744E0F970D}.AppStore|x64.ActiveCfg = Release|Any CPU
		{E3077F34-E823-4386-884E-E6744E0F970D}.AppStore|x64.Build.0 = Release|Any CPU
		{E3077F34-E823-4386-884E-E6744E0F970D}.AppStore|x64.Deploy.0 = Release|Any CPU
		{E3077F34-E823-4386-884E-E6744E0F970D}.AppStore|x86.ActiveCfg = Release|Any CPU
		{E3077F34-E823-4386-884E-E6744E0F970D}.AppStore|x86.Build.0 = Release|Any CPU
		{E3077F34-E823-4386-884E-E6744E0F970D}.AppStore|x86.Deploy.0 = Release|Any CPU
		{E3077F34-E823-4386-884E-E6744E0F970D}.Debug|Any CPU.ActiveCfg = Debug|Any CPU
		{E3077F34-E823-4386-884E-E6744E0F970D}.Debug|Any CPU.Build.0 = Debug|Any CPU
		{E3077F34-E823-4386-884E-E6744E0F970D}.Debug|Any CPU.Deploy.0 = Debug|Any CPU
		{E3077F34-E823-4386-884E-E6744E0F970D}.Debug|ARM.ActiveCfg = Debug|Any CPU
		{E3077F34-E823-4386-884E-E6744E0F970D}.Debug|ARM.Build.0 = Debug|Any CPU
		{E3077F34-E823-4386-884E-E6744E0F970D}.Debug|ARM.Deploy.0 = Debug|Any CPU
		{E3077F34-E823-4386-884E-E6744E0F970D}.Debug|iPhone.ActiveCfg = Debug|Any CPU
		{E3077F34-E823-4386-884E-E6744E0F970D}.Debug|iPhone.Build.0 = Debug|Any CPU
		{E3077F34-E823-4386-884E-E6744E0F970D}.Debug|iPhone.Deploy.0 = Debug|Any CPU
		{E3077F34-E823-4386-884E-E6744E0F970D}.Debug|iPhoneSimulator.ActiveCfg = Debug|Any CPU
		{E3077F34-E823-4386-884E-E6744E0F970D}.Debug|iPhoneSimulator.Build.0 = Debug|Any CPU
		{E3077F34-E823-4386-884E-E6744E0F970D}.Debug|iPhoneSimulator.Deploy.0 = Debug|Any CPU
		{E3077F34-E823-4386-884E-E6744E0F970D}.Debug|x64.ActiveCfg = Debug|Any CPU
		{E3077F34-E823-4386-884E-E6744E0F970D}.Debug|x64.Build.0 = Debug|Any CPU
		{E3077F34-E823-4386-884E-E6744E0F970D}.Debug|x64.Deploy.0 = Debug|Any CPU
		{E3077F34-E823-4386-884E-E6744E0F970D}.Debug|x86.ActiveCfg = Debug|Any CPU
		{E3077F34-E823-4386-884E-E6744E0F970D}.Debug|x86.Build.0 = Debug|Any CPU
		{E3077F34-E823-4386-884E-E6744E0F970D}.Debug|x86.Deploy.0 = Debug|Any CPU
		{E3077F34-E823-4386-884E-E6744E0F970D}.Release|Any CPU.ActiveCfg = Release|Any CPU
		{E3077F34-E823-4386-884E-E6744E0F970D}.Release|Any CPU.Build.0 = Release|Any CPU
		{E3077F34-E823-4386-884E-E6744E0F970D}.Release|Any CPU.Deploy.0 = Release|Any CPU
		{E3077F34-E823-4386-884E-E6744E0F970D}.Release|ARM.ActiveCfg = Release|Any CPU
		{E3077F34-E823-4386-884E-E6744E0F970D}.Release|ARM.Build.0 = Release|Any CPU
		{E3077F34-E823-4386-884E-E6744E0F970D}.Release|ARM.Deploy.0 = Release|Any CPU
		{E3077F34-E823-4386-884E-E6744E0F970D}.Release|iPhone.ActiveCfg = Release|Any CPU
		{E3077F34-E823-4386-884E-E6744E0F970D}.Release|iPhone.Build.0 = Release|Any CPU
		{E3077F34-E823-4386-884E-E6744E0F970D}.Release|iPhone.Deploy.0 = Release|Any CPU
		{E3077F34-E823-4386-884E-E6744E0F970D}.Release|iPhoneSimulator.ActiveCfg = Release|Any CPU
		{E3077F34-E823-4386-884E-E6744E0F970D}.Release|iPhoneSimulator.Build.0 = Release|Any CPU
		{E3077F34-E823-4386-884E-E6744E0F970D}.Release|iPhoneSimulator.Deploy.0 = Release|Any CPU
		{E3077F34-E823-4386-884E-E6744E0F970D}.Release|x64.ActiveCfg = Release|Any CPU
		{E3077F34-E823-4386-884E-E6744E0F970D}.Release|x64.Build.0 = Release|Any CPU
		{E3077F34-E823-4386-884E-E6744E0F970D}.Release|x64.Deploy.0 = Release|Any CPU
		{E3077F34-E823-4386-884E-E6744E0F970D}.Release|x86.ActiveCfg = Release|Any CPU
		{E3077F34-E823-4386-884E-E6744E0F970D}.Release|x86.Build.0 = Release|Any CPU
		{E3077F34-E823-4386-884E-E6744E0F970D}.Release|x86.Deploy.0 = Release|Any CPU
		{F660AD2A-DB79-4F84-8F8D-2102E2EA59F9}.Ad-Hoc|Any CPU.ActiveCfg = Ad-Hoc|iPhone
		{F660AD2A-DB79-4F84-8F8D-2102E2EA59F9}.Ad-Hoc|Any CPU.Build.0 = Ad-Hoc|iPhone
		{F660AD2A-DB79-4F84-8F8D-2102E2EA59F9}.Ad-Hoc|Any CPU.Deploy.0 = Ad-Hoc|iPhone
		{F660AD2A-DB79-4F84-8F8D-2102E2EA59F9}.Ad-Hoc|ARM.ActiveCfg = Ad-Hoc|iPhone
		{F660AD2A-DB79-4F84-8F8D-2102E2EA59F9}.Ad-Hoc|ARM.Build.0 = Ad-Hoc|iPhone
		{F660AD2A-DB79-4F84-8F8D-2102E2EA59F9}.Ad-Hoc|ARM.Deploy.0 = Ad-Hoc|iPhone
		{F660AD2A-DB79-4F84-8F8D-2102E2EA59F9}.Ad-Hoc|iPhone.ActiveCfg = Ad-Hoc|iPhone
		{F660AD2A-DB79-4F84-8F8D-2102E2EA59F9}.Ad-Hoc|iPhone.Build.0 = Ad-Hoc|iPhone
		{F660AD2A-DB79-4F84-8F8D-2102E2EA59F9}.Ad-Hoc|iPhone.Deploy.0 = Ad-Hoc|iPhone
		{F660AD2A-DB79-4F84-8F8D-2102E2EA59F9}.Ad-Hoc|iPhoneSimulator.ActiveCfg = Ad-Hoc|iPhoneSimulator
		{F660AD2A-DB79-4F84-8F8D-2102E2EA59F9}.Ad-Hoc|iPhoneSimulator.Build.0 = Ad-Hoc|iPhoneSimulator
		{F660AD2A-DB79-4F84-8F8D-2102E2EA59F9}.Ad-Hoc|iPhoneSimulator.Deploy.0 = Ad-Hoc|iPhoneSimulator
		{F660AD2A-DB79-4F84-8F8D-2102E2EA59F9}.Ad-Hoc|x64.ActiveCfg = Ad-Hoc|iPhone
		{F660AD2A-DB79-4F84-8F8D-2102E2EA59F9}.Ad-Hoc|x64.Build.0 = Ad-Hoc|iPhone
		{F660AD2A-DB79-4F84-8F8D-2102E2EA59F9}.Ad-Hoc|x64.Deploy.0 = Ad-Hoc|iPhone
		{F660AD2A-DB79-4F84-8F8D-2102E2EA59F9}.Ad-Hoc|x86.ActiveCfg = Ad-Hoc|iPhone
		{F660AD2A-DB79-4F84-8F8D-2102E2EA59F9}.Ad-Hoc|x86.Build.0 = Ad-Hoc|iPhone
		{F660AD2A-DB79-4F84-8F8D-2102E2EA59F9}.Ad-Hoc|x86.Deploy.0 = Ad-Hoc|iPhone
		{F660AD2A-DB79-4F84-8F8D-2102E2EA59F9}.AppStore|Any CPU.ActiveCfg = AppStore|iPhone
		{F660AD2A-DB79-4F84-8F8D-2102E2EA59F9}.AppStore|Any CPU.Build.0 = AppStore|iPhone
		{F660AD2A-DB79-4F84-8F8D-2102E2EA59F9}.AppStore|Any CPU.Deploy.0 = AppStore|iPhone
		{F660AD2A-DB79-4F84-8F8D-2102E2EA59F9}.AppStore|ARM.ActiveCfg = AppStore|iPhone
		{F660AD2A-DB79-4F84-8F8D-2102E2EA59F9}.AppStore|ARM.Build.0 = AppStore|iPhone
		{F660AD2A-DB79-4F84-8F8D-2102E2EA59F9}.AppStore|ARM.Deploy.0 = AppStore|iPhone
		{F660AD2A-DB79-4F84-8F8D-2102E2EA59F9}.AppStore|iPhone.ActiveCfg = AppStore|iPhone
		{F660AD2A-DB79-4F84-8F8D-2102E2EA59F9}.AppStore|iPhone.Build.0 = AppStore|iPhone
		{F660AD2A-DB79-4F84-8F8D-2102E2EA59F9}.AppStore|iPhone.Deploy.0 = AppStore|iPhone
		{F660AD2A-DB79-4F84-8F8D-2102E2EA59F9}.AppStore|iPhoneSimulator.ActiveCfg = AppStore|iPhoneSimulator
		{F660AD2A-DB79-4F84-8F8D-2102E2EA59F9}.AppStore|iPhoneSimulator.Build.0 = AppStore|iPhoneSimulator
		{F660AD2A-DB79-4F84-8F8D-2102E2EA59F9}.AppStore|iPhoneSimulator.Deploy.0 = AppStore|iPhoneSimulator
		{F660AD2A-DB79-4F84-8F8D-2102E2EA59F9}.AppStore|x64.ActiveCfg = AppStore|iPhone
		{F660AD2A-DB79-4F84-8F8D-2102E2EA59F9}.AppStore|x64.Build.0 = AppStore|iPhone
		{F660AD2A-DB79-4F84-8F8D-2102E2EA59F9}.AppStore|x64.Deploy.0 = AppStore|iPhone
		{F660AD2A-DB79-4F84-8F8D-2102E2EA59F9}.AppStore|x86.ActiveCfg = AppStore|iPhone
		{F660AD2A-DB79-4F84-8F8D-2102E2EA59F9}.AppStore|x86.Build.0 = AppStore|iPhone
		{F660AD2A-DB79-4F84-8F8D-2102E2EA59F9}.AppStore|x86.Deploy.0 = AppStore|iPhone
		{F660AD2A-DB79-4F84-8F8D-2102E2EA59F9}.Debug|Any CPU.ActiveCfg = Debug|iPhoneSimulator
		{F660AD2A-DB79-4F84-8F8D-2102E2EA59F9}.Debug|Any CPU.Build.0 = Debug|iPhoneSimulator
		{F660AD2A-DB79-4F84-8F8D-2102E2EA59F9}.Debug|Any CPU.Deploy.0 = Debug|iPhoneSimulator
		{F660AD2A-DB79-4F84-8F8D-2102E2EA59F9}.Debug|ARM.ActiveCfg = Debug|iPhone
		{F660AD2A-DB79-4F84-8F8D-2102E2EA59F9}.Debug|ARM.Build.0 = Debug|iPhone
		{F660AD2A-DB79-4F84-8F8D-2102E2EA59F9}.Debug|ARM.Deploy.0 = Debug|iPhone
		{F660AD2A-DB79-4F84-8F8D-2102E2EA59F9}.Debug|iPhone.ActiveCfg = Debug|iPhone
		{F660AD2A-DB79-4F84-8F8D-2102E2EA59F9}.Debug|iPhone.Build.0 = Debug|iPhone
		{F660AD2A-DB79-4F84-8F8D-2102E2EA59F9}.Debug|iPhone.Deploy.0 = Debug|iPhone
		{F660AD2A-DB79-4F84-8F8D-2102E2EA59F9}.Debug|iPhoneSimulator.ActiveCfg = Debug|iPhoneSimulator
		{F660AD2A-DB79-4F84-8F8D-2102E2EA59F9}.Debug|iPhoneSimulator.Build.0 = Debug|iPhoneSimulator
		{F660AD2A-DB79-4F84-8F8D-2102E2EA59F9}.Debug|iPhoneSimulator.Deploy.0 = Debug|iPhoneSimulator
		{F660AD2A-DB79-4F84-8F8D-2102E2EA59F9}.Debug|x64.ActiveCfg = Debug|iPhone
		{F660AD2A-DB79-4F84-8F8D-2102E2EA59F9}.Debug|x64.Build.0 = Debug|iPhone
		{F660AD2A-DB79-4F84-8F8D-2102E2EA59F9}.Debug|x64.Deploy.0 = Debug|iPhone
		{F660AD2A-DB79-4F84-8F8D-2102E2EA59F9}.Debug|x86.ActiveCfg = Debug|iPhone
		{F660AD2A-DB79-4F84-8F8D-2102E2EA59F9}.Debug|x86.Build.0 = Debug|iPhone
		{F660AD2A-DB79-4F84-8F8D-2102E2EA59F9}.Debug|x86.Deploy.0 = Debug|iPhone
		{F660AD2A-DB79-4F84-8F8D-2102E2EA59F9}.Release|Any CPU.ActiveCfg = Release|iPhone
		{F660AD2A-DB79-4F84-8F8D-2102E2EA59F9}.Release|Any CPU.Build.0 = Release|iPhone
		{F660AD2A-DB79-4F84-8F8D-2102E2EA59F9}.Release|Any CPU.Deploy.0 = Release|iPhone
		{F660AD2A-DB79-4F84-8F8D-2102E2EA59F9}.Release|ARM.ActiveCfg = Release|iPhone
		{F660AD2A-DB79-4F84-8F8D-2102E2EA59F9}.Release|ARM.Build.0 = Release|iPhone
		{F660AD2A-DB79-4F84-8F8D-2102E2EA59F9}.Release|ARM.Deploy.0 = Release|iPhone
		{F660AD2A-DB79-4F84-8F8D-2102E2EA59F9}.Release|iPhone.ActiveCfg = Release|iPhone
		{F660AD2A-DB79-4F84-8F8D-2102E2EA59F9}.Release|iPhone.Build.0 = Release|iPhone
		{F660AD2A-DB79-4F84-8F8D-2102E2EA59F9}.Release|iPhone.Deploy.0 = Release|iPhone
		{F660AD2A-DB79-4F84-8F8D-2102E2EA59F9}.Release|iPhoneSimulator.ActiveCfg = Release|iPhoneSimulator
		{F660AD2A-DB79-4F84-8F8D-2102E2EA59F9}.Release|iPhoneSimulator.Build.0 = Release|iPhoneSimulator
		{F660AD2A-DB79-4F84-8F8D-2102E2EA59F9}.Release|iPhoneSimulator.Deploy.0 = Release|iPhoneSimulator
		{F660AD2A-DB79-4F84-8F8D-2102E2EA59F9}.Release|x64.ActiveCfg = Release|iPhone
		{F660AD2A-DB79-4F84-8F8D-2102E2EA59F9}.Release|x64.Build.0 = Release|iPhone
		{F660AD2A-DB79-4F84-8F8D-2102E2EA59F9}.Release|x64.Deploy.0 = Release|iPhone
		{F660AD2A-DB79-4F84-8F8D-2102E2EA59F9}.Release|x86.ActiveCfg = Release|iPhone
		{F660AD2A-DB79-4F84-8F8D-2102E2EA59F9}.Release|x86.Build.0 = Release|iPhone
		{F660AD2A-DB79-4F84-8F8D-2102E2EA59F9}.Release|x86.Deploy.0 = Release|iPhone
		{CFCF809B-FE2F-4BA2-BDDA-F818C8FE4C14}.Ad-Hoc|Any CPU.ActiveCfg = Release|x86
		{CFCF809B-FE2F-4BA2-BDDA-F818C8FE4C14}.Ad-Hoc|Any CPU.Build.0 = Release|x86
		{CFCF809B-FE2F-4BA2-BDDA-F818C8FE4C14}.Ad-Hoc|Any CPU.Deploy.0 = Release|x86
		{CFCF809B-FE2F-4BA2-BDDA-F818C8FE4C14}.Ad-Hoc|ARM.ActiveCfg = Release|ARM
		{CFCF809B-FE2F-4BA2-BDDA-F818C8FE4C14}.Ad-Hoc|ARM.Build.0 = Release|ARM
		{CFCF809B-FE2F-4BA2-BDDA-F818C8FE4C14}.Ad-Hoc|ARM.Deploy.0 = Release|ARM
		{CFCF809B-FE2F-4BA2-BDDA-F818C8FE4C14}.Ad-Hoc|iPhone.ActiveCfg = Release|x86
		{CFCF809B-FE2F-4BA2-BDDA-F818C8FE4C14}.Ad-Hoc|iPhone.Build.0 = Release|x86
		{CFCF809B-FE2F-4BA2-BDDA-F818C8FE4C14}.Ad-Hoc|iPhone.Deploy.0 = Release|x86
		{CFCF809B-FE2F-4BA2-BDDA-F818C8FE4C14}.Ad-Hoc|iPhoneSimulator.ActiveCfg = Release|x86
		{CFCF809B-FE2F-4BA2-BDDA-F818C8FE4C14}.Ad-Hoc|iPhoneSimulator.Build.0 = Release|x86
		{CFCF809B-FE2F-4BA2-BDDA-F818C8FE4C14}.Ad-Hoc|iPhoneSimulator.Deploy.0 = Release|x86
		{CFCF809B-FE2F-4BA2-BDDA-F818C8FE4C14}.Ad-Hoc|x64.ActiveCfg = Release|x64
		{CFCF809B-FE2F-4BA2-BDDA-F818C8FE4C14}.Ad-Hoc|x64.Build.0 = Release|x64
		{CFCF809B-FE2F-4BA2-BDDA-F818C8FE4C14}.Ad-Hoc|x64.Deploy.0 = Release|x64
		{CFCF809B-FE2F-4BA2-BDDA-F818C8FE4C14}.Ad-Hoc|x86.ActiveCfg = Release|x86
		{CFCF809B-FE2F-4BA2-BDDA-F818C8FE4C14}.Ad-Hoc|x86.Build.0 = Release|x86
		{CFCF809B-FE2F-4BA2-BDDA-F818C8FE4C14}.Ad-Hoc|x86.Deploy.0 = Release|x86
		{CFCF809B-FE2F-4BA2-BDDA-F818C8FE4C14}.AppStore|Any CPU.ActiveCfg = Release|x86
		{CFCF809B-FE2F-4BA2-BDDA-F818C8FE4C14}.AppStore|Any CPU.Build.0 = Release|x86
		{CFCF809B-FE2F-4BA2-BDDA-F818C8FE4C14}.AppStore|Any CPU.Deploy.0 = Release|x86
		{CFCF809B-FE2F-4BA2-BDDA-F818C8FE4C14}.AppStore|ARM.ActiveCfg = Release|ARM
		{CFCF809B-FE2F-4BA2-BDDA-F818C8FE4C14}.AppStore|ARM.Build.0 = Release|ARM
		{CFCF809B-FE2F-4BA2-BDDA-F818C8FE4C14}.AppStore|ARM.Deploy.0 = Release|ARM
		{CFCF809B-FE2F-4BA2-BDDA-F818C8FE4C14}.AppStore|iPhone.ActiveCfg = Release|x86
		{CFCF809B-FE2F-4BA2-BDDA-F818C8FE4C14}.AppStore|iPhone.Build.0 = Release|x86
		{CFCF809B-FE2F-4BA2-BDDA-F818C8FE4C14}.AppStore|iPhone.Deploy.0 = Release|x86
		{CFCF809B-FE2F-4BA2-BDDA-F818C8FE4C14}.AppStore|iPhoneSimulator.ActiveCfg = Release|x86
		{CFCF809B-FE2F-4BA2-BDDA-F818C8FE4C14}.AppStore|iPhoneSimulator.Build.0 = Release|x86
		{CFCF809B-FE2F-4BA2-BDDA-F818C8FE4C14}.AppStore|iPhoneSimulator.Deploy.0 = Release|x86
		{CFCF809B-FE2F-4BA2-BDDA-F818C8FE4C14}.AppStore|x64.ActiveCfg = Release|x64
		{CFCF809B-FE2F-4BA2-BDDA-F818C8FE4C14}.AppStore|x64.Build.0 = Release|x64
		{CFCF809B-FE2F-4BA2-BDDA-F818C8FE4C14}.AppStore|x64.Deploy.0 = Release|x64
		{CFCF809B-FE2F-4BA2-BDDA-F818C8FE4C14}.AppStore|x86.ActiveCfg = Release|x86
		{CFCF809B-FE2F-4BA2-BDDA-F818C8FE4C14}.AppStore|x86.Build.0 = Release|x86
		{CFCF809B-FE2F-4BA2-BDDA-F818C8FE4C14}.AppStore|x86.Deploy.0 = Release|x86
		{CFCF809B-FE2F-4BA2-BDDA-F818C8FE4C14}.Debug|Any CPU.ActiveCfg = Debug|x86
		{CFCF809B-FE2F-4BA2-BDDA-F818C8FE4C14}.Debug|Any CPU.Build.0 = Debug|x86
		{CFCF809B-FE2F-4BA2-BDDA-F818C8FE4C14}.Debug|Any CPU.Deploy.0 = Debug|x86
		{CFCF809B-FE2F-4BA2-BDDA-F818C8FE4C14}.Debug|ARM.ActiveCfg = Debug|ARM
		{CFCF809B-FE2F-4BA2-BDDA-F818C8FE4C14}.Debug|ARM.Build.0 = Debug|ARM
		{CFCF809B-FE2F-4BA2-BDDA-F818C8FE4C14}.Debug|ARM.Deploy.0 = Debug|ARM
		{CFCF809B-FE2F-4BA2-BDDA-F818C8FE4C14}.Debug|iPhone.ActiveCfg = Debug|x86
		{CFCF809B-FE2F-4BA2-BDDA-F818C8FE4C14}.Debug|iPhone.Build.0 = Debug|x86
		{CFCF809B-FE2F-4BA2-BDDA-F818C8FE4C14}.Debug|iPhone.Deploy.0 = Debug|x86
		{CFCF809B-FE2F-4BA2-BDDA-F818C8FE4C14}.Debug|iPhoneSimulator.ActiveCfg = Debug|x86
		{CFCF809B-FE2F-4BA2-BDDA-F818C8FE4C14}.Debug|iPhoneSimulator.Build.0 = Debug|x86
		{CFCF809B-FE2F-4BA2-BDDA-F818C8FE4C14}.Debug|iPhoneSimulator.Deploy.0 = Debug|x86
		{CFCF809B-FE2F-4BA2-BDDA-F818C8FE4C14}.Debug|x64.ActiveCfg = Debug|x64
		{CFCF809B-FE2F-4BA2-BDDA-F818C8FE4C14}.Debug|x64.Build.0 = Debug|x64
		{CFCF809B-FE2F-4BA2-BDDA-F818C8FE4C14}.Debug|x64.Deploy.0 = Debug|x64
		{CFCF809B-FE2F-4BA2-BDDA-F818C8FE4C14}.Debug|x86.ActiveCfg = Debug|x86
		{CFCF809B-FE2F-4BA2-BDDA-F818C8FE4C14}.Debug|x86.Build.0 = Debug|x86
		{CFCF809B-FE2F-4BA2-BDDA-F818C8FE4C14}.Debug|x86.Deploy.0 = Debug|x86
		{CFCF809B-FE2F-4BA2-BDDA-F818C8FE4C14}.Release|Any CPU.ActiveCfg = Release|x86
		{CFCF809B-FE2F-4BA2-BDDA-F818C8FE4C14}.Release|Any CPU.Build.0 = Release|x86
		{CFCF809B-FE2F-4BA2-BDDA-F818C8FE4C14}.Release|Any CPU.Deploy.0 = Release|x86
		{CFCF809B-FE2F-4BA2-BDDA-F818C8FE4C14}.Release|ARM.ActiveCfg = Release|ARM
		{CFCF809B-FE2F-4BA2-BDDA-F818C8FE4C14}.Release|ARM.Build.0 = Release|ARM
		{CFCF809B-FE2F-4BA2-BDDA-F818C8FE4C14}.Release|ARM.Deploy.0 = Release|ARM
		{CFCF809B-FE2F-4BA2-BDDA-F818C8FE4C14}.Release|iPhone.ActiveCfg = Release|x86
		{CFCF809B-FE2F-4BA2-BDDA-F818C8FE4C14}.Release|iPhone.Build.0 = Release|x86
		{CFCF809B-FE2F-4BA2-BDDA-F818C8FE4C14}.Release|iPhone.Deploy.0 = Release|x86
		{CFCF809B-FE2F-4BA2-BDDA-F818C8FE4C14}.Release|iPhoneSimulator.ActiveCfg = Release|x86
		{CFCF809B-FE2F-4BA2-BDDA-F818C8FE4C14}.Release|iPhoneSimulator.Build.0 = Release|x86
		{CFCF809B-FE2F-4BA2-BDDA-F818C8FE4C14}.Release|iPhoneSimulator.Deploy.0 = Release|x86
		{CFCF809B-FE2F-4BA2-BDDA-F818C8FE4C14}.Release|x64.ActiveCfg = Release|x64
		{CFCF809B-FE2F-4BA2-BDDA-F818C8FE4C14}.Release|x64.Build.0 = Release|x64
		{CFCF809B-FE2F-4BA2-BDDA-F818C8FE4C14}.Release|x64.Deploy.0 = Release|x64
		{CFCF809B-FE2F-4BA2-BDDA-F818C8FE4C14}.Release|x86.ActiveCfg = Release|x86
		{CFCF809B-FE2F-4BA2-BDDA-F818C8FE4C14}.Release|x86.Build.0 = Release|x86
		{CFCF809B-FE2F-4BA2-BDDA-F818C8FE4C14}.Release|x86.Deploy.0 = Release|x86
		{2C3224B3-296F-4161-87E6-5E2B1B19672D}.Ad-Hoc|Any CPU.ActiveCfg = Debug|Any CPU
		{2C3224B3-296F-4161-87E6-5E2B1B19672D}.Ad-Hoc|Any CPU.Build.0 = Debug|Any CPU
		{2C3224B3-296F-4161-87E6-5E2B1B19672D}.Ad-Hoc|Any CPU.Deploy.0 = Debug|Any CPU
		{2C3224B3-296F-4161-87E6-5E2B1B19672D}.Ad-Hoc|ARM.ActiveCfg = Debug|Any CPU
		{2C3224B3-296F-4161-87E6-5E2B1B19672D}.Ad-Hoc|ARM.Build.0 = Debug|Any CPU
		{2C3224B3-296F-4161-87E6-5E2B1B19672D}.Ad-Hoc|ARM.Deploy.0 = Debug|Any CPU
		{2C3224B3-296F-4161-87E6-5E2B1B19672D}.Ad-Hoc|iPhone.ActiveCfg = Debug|Any CPU
		{2C3224B3-296F-4161-87E6-5E2B1B19672D}.Ad-Hoc|iPhone.Build.0 = Debug|Any CPU
		{2C3224B3-296F-4161-87E6-5E2B1B19672D}.Ad-Hoc|iPhone.Deploy.0 = Debug|Any CPU
		{2C3224B3-296F-4161-87E6-5E2B1B19672D}.Ad-Hoc|iPhoneSimulator.ActiveCfg = Debug|Any CPU
		{2C3224B3-296F-4161-87E6-5E2B1B19672D}.Ad-Hoc|iPhoneSimulator.Build.0 = Debug|Any CPU
		{2C3224B3-296F-4161-87E6-5E2B1B19672D}.Ad-Hoc|iPhoneSimulator.Deploy.0 = Debug|Any CPU
		{2C3224B3-296F-4161-87E6-5E2B1B19672D}.Ad-Hoc|x64.ActiveCfg = Debug|Any CPU
		{2C3224B3-296F-4161-87E6-5E2B1B19672D}.Ad-Hoc|x64.Build.0 = Debug|Any CPU
		{2C3224B3-296F-4161-87E6-5E2B1B19672D}.Ad-Hoc|x64.Deploy.0 = Debug|Any CPU
		{2C3224B3-296F-4161-87E6-5E2B1B19672D}.Ad-Hoc|x86.ActiveCfg = Debug|Any CPU
		{2C3224B3-296F-4161-87E6-5E2B1B19672D}.Ad-Hoc|x86.Build.0 = Debug|Any CPU
		{2C3224B3-296F-4161-87E6-5E2B1B19672D}.Ad-Hoc|x86.Deploy.0 = Debug|Any CPU
		{2C3224B3-296F-4161-87E6-5E2B1B19672D}.AppStore|Any CPU.ActiveCfg = Debug|Any CPU
		{2C3224B3-296F-4161-87E6-5E2B1B19672D}.AppStore|Any CPU.Build.0 = Debug|Any CPU
		{2C3224B3-296F-4161-87E6-5E2B1B19672D}.AppStore|Any CPU.Deploy.0 = Debug|Any CPU
		{2C3224B3-296F-4161-87E6-5E2B1B19672D}.AppStore|ARM.ActiveCfg = Debug|Any CPU
		{2C3224B3-296F-4161-87E6-5E2B1B19672D}.AppStore|ARM.Build.0 = Debug|Any CPU
		{2C3224B3-296F-4161-87E6-5E2B1B19672D}.AppStore|ARM.Deploy.0 = Debug|Any CPU
		{2C3224B3-296F-4161-87E6-5E2B1B19672D}.AppStore|iPhone.ActiveCfg = Debug|Any CPU
		{2C3224B3-296F-4161-87E6-5E2B1B19672D}.AppStore|iPhone.Build.0 = Debug|Any CPU
		{2C3224B3-296F-4161-87E6-5E2B1B19672D}.AppStore|iPhone.Deploy.0 = Debug|Any CPU
		{2C3224B3-296F-4161-87E6-5E2B1B19672D}.AppStore|iPhoneSimulator.ActiveCfg = Debug|Any CPU
		{2C3224B3-296F-4161-87E6-5E2B1B19672D}.AppStore|iPhoneSimulator.Build.0 = Debug|Any CPU
		{2C3224B3-296F-4161-87E6-5E2B1B19672D}.AppStore|iPhoneSimulator.Deploy.0 = Debug|Any CPU
		{2C3224B3-296F-4161-87E6-5E2B1B19672D}.AppStore|x64.ActiveCfg = Debug|Any CPU
		{2C3224B3-296F-4161-87E6-5E2B1B19672D}.AppStore|x64.Build.0 = Debug|Any CPU
		{2C3224B3-296F-4161-87E6-5E2B1B19672D}.AppStore|x64.Deploy.0 = Debug|Any CPU
		{2C3224B3-296F-4161-87E6-5E2B1B19672D}.AppStore|x86.ActiveCfg = Debug|Any CPU
		{2C3224B3-296F-4161-87E6-5E2B1B19672D}.AppStore|x86.Build.0 = Debug|Any CPU
		{2C3224B3-296F-4161-87E6-5E2B1B19672D}.AppStore|x86.Deploy.0 = Debug|Any CPU
		{2C3224B3-296F-4161-87E6-5E2B1B19672D}.Debug|Any CPU.ActiveCfg = Debug|Any CPU
		{2C3224B3-296F-4161-87E6-5E2B1B19672D}.Debug|Any CPU.Build.0 = Debug|Any CPU
		{2C3224B3-296F-4161-87E6-5E2B1B19672D}.Debug|Any CPU.Deploy.0 = Debug|Any CPU
		{2C3224B3-296F-4161-87E6-5E2B1B19672D}.Debug|ARM.ActiveCfg = Debug|Any CPU
		{2C3224B3-296F-4161-87E6-5E2B1B19672D}.Debug|ARM.Build.0 = Debug|Any CPU
		{2C3224B3-296F-4161-87E6-5E2B1B19672D}.Debug|ARM.Deploy.0 = Debug|Any CPU
		{2C3224B3-296F-4161-87E6-5E2B1B19672D}.Debug|iPhone.ActiveCfg = Debug|Any CPU
		{2C3224B3-296F-4161-87E6-5E2B1B19672D}.Debug|iPhone.Build.0 = Debug|Any CPU
		{2C3224B3-296F-4161-87E6-5E2B1B19672D}.Debug|iPhone.Deploy.0 = Debug|Any CPU
		{2C3224B3-296F-4161-87E6-5E2B1B19672D}.Debug|iPhoneSimulator.ActiveCfg = Debug|Any CPU
		{2C3224B3-296F-4161-87E6-5E2B1B19672D}.Debug|iPhoneSimulator.Build.0 = Debug|Any CPU
		{2C3224B3-296F-4161-87E6-5E2B1B19672D}.Debug|iPhoneSimulator.Deploy.0 = Debug|Any CPU
		{2C3224B3-296F-4161-87E6-5E2B1B19672D}.Debug|x64.ActiveCfg = Debug|Any CPU
		{2C3224B3-296F-4161-87E6-5E2B1B19672D}.Debug|x64.Build.0 = Debug|Any CPU
		{2C3224B3-296F-4161-87E6-5E2B1B19672D}.Debug|x64.Deploy.0 = Debug|Any CPU
		{2C3224B3-296F-4161-87E6-5E2B1B19672D}.Debug|x86.ActiveCfg = Debug|Any CPU
		{2C3224B3-296F-4161-87E6-5E2B1B19672D}.Debug|x86.Build.0 = Debug|Any CPU
		{2C3224B3-296F-4161-87E6-5E2B1B19672D}.Debug|x86.Deploy.0 = Debug|Any CPU
		{2C3224B3-296F-4161-87E6-5E2B1B19672D}.Release|Any CPU.ActiveCfg = Release|Any CPU
		{2C3224B3-296F-4161-87E6-5E2B1B19672D}.Release|Any CPU.Build.0 = Release|Any CPU
		{2C3224B3-296F-4161-87E6-5E2B1B19672D}.Release|Any CPU.Deploy.0 = Release|Any CPU
		{2C3224B3-296F-4161-87E6-5E2B1B19672D}.Release|ARM.ActiveCfg = Release|Any CPU
		{2C3224B3-296F-4161-87E6-5E2B1B19672D}.Release|ARM.Build.0 = Release|Any CPU
		{2C3224B3-296F-4161-87E6-5E2B1B19672D}.Release|ARM.Deploy.0 = Release|Any CPU
		{2C3224B3-296F-4161-87E6-5E2B1B19672D}.Release|iPhone.ActiveCfg = Release|Any CPU
		{2C3224B3-296F-4161-87E6-5E2B1B19672D}.Release|iPhone.Build.0 = Release|Any CPU
		{2C3224B3-296F-4161-87E6-5E2B1B19672D}.Release|iPhone.Deploy.0 = Release|Any CPU
		{2C3224B3-296F-4161-87E6-5E2B1B19672D}.Release|iPhoneSimulator.ActiveCfg = Release|Any CPU
		{2C3224B3-296F-4161-87E6-5E2B1B19672D}.Release|iPhoneSimulator.Build.0 = Release|Any CPU
		{2C3224B3-296F-4161-87E6-5E2B1B19672D}.Release|iPhoneSimulator.Deploy.0 = Release|Any CPU
		{2C3224B3-296F-4161-87E6-5E2B1B19672D}.Release|x64.ActiveCfg = Release|Any CPU
		{2C3224B3-296F-4161-87E6-5E2B1B19672D}.Release|x64.Build.0 = Release|Any CPU
		{2C3224B3-296F-4161-87E6-5E2B1B19672D}.Release|x64.Deploy.0 = Release|Any CPU
		{2C3224B3-296F-4161-87E6-5E2B1B19672D}.Release|x86.ActiveCfg = Release|Any CPU
		{2C3224B3-296F-4161-87E6-5E2B1B19672D}.Release|x86.Build.0 = Release|Any CPU
		{2C3224B3-296F-4161-87E6-5E2B1B19672D}.Release|x86.Deploy.0 = Release|Any CPU
	EndGlobalSection
	GlobalSection(SolutionProperties) = preSolution
		HideSolutionNode = FALSE
	EndGlobalSection
	GlobalSection(NestedProjects) = preSolution
		{E3077F34-E823-4386-884E-E6744E0F970D} = {8F345A44-5BC6-45FE-97FC-C6EDD44FFAE5}
		{F660AD2A-DB79-4F84-8F8D-2102E2EA59F9} = {8F345A44-5BC6-45FE-97FC-C6EDD44FFAE5}
		{CFCF809B-FE2F-4BA2-BDDA-F818C8FE4C14} = {8F345A44-5BC6-45FE-97FC-C6EDD44FFAE5}
	EndGlobalSection
	GlobalSection(ExtensibilityGlobals) = postSolution
		SolutionGuid = {3F71176F-A484-48A2-AE01-0E0FC67253D3}
	EndGlobalSection
EndGlobal
